Microsoft Visual Studio Solution File, Format Version 12.00
# Visual Studio Version 17
VisualStudioVersion = 17.5.2.0
MinimumVisualStudioVersion = 10.0.40219.1
Project("{2150E333-8FDC-42A3-9474-1A3956D46DE8}") = "dev-server", "dev-server", "{4255EDC0-C4F1-684D-E703-B6A6C7861B58}"
EndProject
Project("{FAE04EC0-301F-11D3-BF4B-00C04F79EFBC}") = "HttpsHost", "dev-server\HttpsHost.csproj", "{63049E02-67E2-9E7D-5A20-59BA41AC2497}"
EndProject
Global
	GlobalSection(SolutionConfigurationPlatforms) = preSolution
		Debug|Any CPU = Debug|Any CPU
		Release|Any CPU = Release|Any CPU
	EndGlobalSection
	GlobalSection(ProjectConfigurationPlatforms) = postSolution
		{63049E02-67E2-9E7D-5A20-59BA41AC2497}.Debug|Any CPU.ActiveCfg = Debug|Any CPU
		{63049E02-67E2-9E7D-5A20-59BA41AC2497}.Debug|Any CPU.Build.0 = Debug|Any CPU
		{63049E02-67E2-9E7D-5A20-59BA41AC2497}.Release|Any CPU.ActiveCfg = Release|Any CPU
		{63049E02-67E2-9E7D-5A20-59BA41AC2497}.Release|Any CPU.Build.0 = Release|Any CPU
	EndGlobalSection
	GlobalSection(SolutionProperties) = preSolution
		HideSolutionNode = FALSE
	EndGlobalSection
	GlobalSection(NestedProjects) = preSolution
		{63049E02-67E2-9E7D-5A20-59BA41AC2497} = {4255EDC0-C4F1-684D-E703-B6A6C7861B58}
	EndGlobalSection
	GlobalSection(ExtensibilityGlobals) = postSolution
		SolutionGuid = {438F0222-C6BB-43A5-BAD6-F795A997B8E2}
	EndGlobalSection
EndGlobal
